{
  "version": 4,
  "terraform_version": "1.3.9",
  "serial": 50,
  "lineage": "f16a1842-5a48-68d8-5e9c-03aacb5d0070",
  "outputs": {},
  "resources": [
    {
      "mode": "managed",
      "type": "google_compute_address",
      "name": "static",
      "provider": "provider[\"registry.terraform.io/hashicorp/google\"]",
      "instances": [
        {
          "schema_version": 0,
          "attributes": {
            "address": "34.175.146.87",
            "address_type": "EXTERNAL",
            "creation_timestamp": "2023-05-09T04:47:32.469-07:00",
            "description": "",
            "id": "projects/flatter-378818/regions/europe-southwest1/addresses/final-public-address",
            "name": "final-public-address",
            "network": "",
            "network_tier": "PREMIUM",
            "prefix_length": 0,
            "project": "flatter-378818",
            "purpose": "",
            "region": "europe-southwest1",
            "self_link": "https://www.googleapis.com/compute/v1/projects/flatter-378818/regions/europe-southwest1/addresses/final-public-address",
            "subnetwork": "",
            "timeouts": null,
            "users": [
              "https://www.googleapis.com/compute/v1/projects/flatter-378818/zones/europe-southwest1-a/instances/final"
            ]
          },
          "sensitive_attributes": [],
          "private": "eyJlMmJmYjczMC1lY2FhLTExZTYtOGY4OC0zNDM2M2JjN2M0YzAiOnsiY3JlYXRlIjoxMjAwMDAwMDAwMDAwLCJkZWxldGUiOjEyMDAwMDAwMDAwMDB9fQ==",
          "dependencies": [
            "google_compute_firewall.flatter_firewall",
            "google_compute_network.flatter_network"
          ]
        }
      ]
    },
    {
      "mode": "managed",
      "type": "google_compute_firewall",
      "name": "flatter_firewall",
      "provider": "provider[\"registry.terraform.io/hashicorp/google\"]",
      "instances": [
        {
          "schema_version": 1,
          "attributes": {
            "allow": [
              {
                "ports": [
                  "22",
                  "80",
                  "443"
                ],
                "protocol": "tcp"
              },
              {
                "ports": [],
                "protocol": "icmp"
              }
            ],
            "creation_timestamp": "2023-05-08T12:42:15.231-07:00",
            "deny": [],
            "description": "",
            "destination_ranges": [],
            "direction": "INGRESS",
            "disabled": false,
            "enable_logging": null,
            "id": "projects/flatter-378818/global/firewalls/flatter-firewall",
            "log_config": [],
            "name": "flatter-firewall",
            "network": "https://www.googleapis.com/compute/v1/projects/flatter-378818/global/networks/flatter-network",
            "priority": 1000,
            "project": "flatter-378818",
            "self_link": "https://www.googleapis.com/compute/v1/projects/flatter-378818/global/firewalls/flatter-firewall",
            "source_ranges": [
              "0.0.0.0/0"
            ],
            "source_service_accounts": [],
            "source_tags": [
              "flatter-instance"
            ],
            "target_service_accounts": [],
            "target_tags": [],
            "timeouts": null
          },
          "sensitive_attributes": [],
          "private": "eyJlMmJmYjczMC1lY2FhLTExZTYtOGY4OC0zNDM2M2JjN2M0YzAiOnsiY3JlYXRlIjoxMjAwMDAwMDAwMDAwLCJkZWxldGUiOjEyMDAwMDAwMDAwMDAsInVwZGF0ZSI6MTIwMDAwMDAwMDAwMH0sInNjaGVtYV92ZXJzaW9uIjoiMSJ9",
          "dependencies": [
            "google_compute_network.flatter_network"
          ]
        }
      ]
    },
    {
      "mode": "managed",
      "type": "google_compute_instance",
      "name": "test",
      "provider": "provider[\"registry.terraform.io/hashicorp/google\"]",
      "instances": [
        {
          "status": "tainted",
          "schema_version": 6,
          "attributes": {
            "advanced_machine_features": [],
            "allow_stopping_for_update": null,
            "attached_disk": [],
            "boot_disk": [
              {
                "auto_delete": true,
                "device_name": "persistent-disk-0",
                "disk_encryption_key_raw": "",
                "disk_encryption_key_sha256": "",
                "initialize_params": [
                  {
                    "image": "https://www.googleapis.com/compute/v1/projects/ubuntu-os-cloud/global/images/ubuntu-1804-bionic-v20230425",
                    "labels": {},
                    "size": 10,
                    "type": "pd-standard"
                  }
                ],
                "kms_key_self_link": "",
                "mode": "READ_WRITE",
                "source": "https://www.googleapis.com/compute/v1/projects/flatter-378818/zones/europe-southwest1-a/disks/final"
              }
            ],
            "can_ip_forward": false,
            "confidential_instance_config": [],
            "cpu_platform": "Intel Broadwell",
            "current_status": "RUNNING",
            "deletion_protection": false,
            "description": "",
            "desired_status": null,
            "enable_display": false,
            "guest_accelerator": [],
            "hostname": "",
            "id": "projects/flatter-378818/zones/europe-southwest1-a/instances/final",
            "instance_id": "9128736069166533981",
            "label_fingerprint": "42WmSpB8rSM=",
            "labels": null,
            "machine_type": "e2-small",
            "metadata": {
              "ssh-keys": "flatter_ispp:ssh-rsa AAAAB3NzaC1yc2EAAAADAQABAAABgQC02DVKP3ViyapB6W5DCiBsmAlgWNym8WYXBH+2V7t0f9lN5JNA9qtDDRwQ/9US3jRLqUpDCj9NCPSP9FC/CncUKg2vsi0CpDl6Cy6YXro+TCniGd+ShkAgcvWQWCD6iXdwwAm8dXcLmUvJ58iIjXWpurrT7yFSk+Uxx8ocPHGn/wpnTMgpr5LsvOBX2Sw+nHi+ttJTx8KF5Q4sLnAmmFPMbU5jnrZmUYQvQUvq9OL8/YOwl47Kg9UWI9nFxGNhq2zeTvrucEoUwtzx1VwV5P3GcS/jJDqQSYMueycZlTnV9Gu39meTMs+VRldzZ248Qpz3coD1dsETC5zVwguzbxA9g+5aVE2VzbfKm8/qSunqzPIh5cEl0fAJ0sZ27/39zs/ZUOkXCje6Gw73Khao0H1S3XJTtWd3qec4x4tBCyGs1GnBLF7vlWr5XCQ8JbmvF98ttiEMpMXzimqZO6GjwJcA/rgwQ+4JQkRR+IorUbW1QlTm5DZi6JbB7ATKEZ2bf2k= alejandro@MBPdeAlejandro\n"
            },
            "metadata_fingerprint": "RXLUoXer7LA=",
            "metadata_startup_script": null,
            "min_cpu_platform": "",
            "name": "final",
            "network_interface": [
              {
                "access_config": [
                  {
                    "nat_ip": "34.175.146.87",
                    "network_tier": "PREMIUM",
                    "public_ptr_domain_name": ""
                  }
                ],
                "alias_ip_range": [],
                "ipv6_access_config": [],
                "ipv6_access_type": "",
                "name": "nic0",
                "network": "https://www.googleapis.com/compute/v1/projects/flatter-378818/global/networks/flatter-network",
                "network_ip": "10.204.0.5",
                "nic_type": "",
                "queue_count": 0,
                "stack_type": "IPV4_ONLY",
                "subnetwork": "https://www.googleapis.com/compute/v1/projects/flatter-378818/regions/europe-southwest1/subnetworks/flatter-network",
                "subnetwork_project": "flatter-378818"
              }
            ],
            "project": "flatter-378818",
            "reservation_affinity": [],
            "resource_policies": null,
            "scheduling": [
              {
                "automatic_restart": true,
                "instance_termination_action": "",
                "min_node_cpus": 0,
                "node_affinities": [],
                "on_host_maintenance": "MIGRATE",
                "preemptible": false,
                "provisioning_model": "STANDARD"
              }
            ],
            "scratch_disk": [],
            "self_link": "https://www.googleapis.com/compute/v1/projects/flatter-378818/zones/europe-southwest1-a/instances/final",
            "service_account": [],
            "shielded_instance_config": [
              {
                "enable_integrity_monitoring": true,
                "enable_secure_boot": false,
                "enable_vtpm": true
              }
            ],
            "tags": [
              "flatter-instance"
            ],
            "tags_fingerprint": "F3G431GYNys=",
            "timeouts": null,
            "zone": "europe-southwest1-a"
          },
          "sensitive_attributes": [],
          "private": "eyJlMmJmYjczMC1lY2FhLTExZTYtOGY4OC0zNDM2M2JjN2M0YzAiOnsiY3JlYXRlIjoxMjAwMDAwMDAwMDAwLCJkZWxldGUiOjEyMDAwMDAwMDAwMDAsInVwZGF0ZSI6MTIwMDAwMDAwMDAwMH0sInNjaGVtYV92ZXJzaW9uIjoiNiJ9",
          "dependencies": [
            "google_compute_address.static",
            "google_compute_firewall.flatter_firewall",
            "google_compute_network.flatter_network"
          ]
        }
      ]
    },
    {
      "mode": "managed",
      "type": "google_compute_network",
      "name": "flatter_network",
      "provider": "provider[\"registry.terraform.io/hashicorp/google\"]",
      "instances": [
        {
          "schema_version": 0,
          "attributes": {
            "auto_create_subnetworks": true,
            "delete_default_routes_on_create": false,
            "description": "",
            "enable_ula_internal_ipv6": false,
            "gateway_ipv4": "",
            "id": "projects/flatter-378818/global/networks/flatter-network",
            "internal_ipv6_range": "",
            "mtu": 1460,
            "name": "flatter-network",
            "project": "flatter-378818",
            "routing_mode": "REGIONAL",
            "self_link": "https://www.googleapis.com/compute/v1/projects/flatter-378818/global/networks/flatter-network",
            "timeouts": null
          },
          "sensitive_attributes": [],
          "private": "eyJlMmJmYjczMC1lY2FhLTExZTYtOGY4OC0zNDM2M2JjN2M0YzAiOnsiY3JlYXRlIjoxMjAwMDAwMDAwMDAwLCJkZWxldGUiOjEyMDAwMDAwMDAwMDAsInVwZGF0ZSI6MTIwMDAwMDAwMDAwMH19"
        }
      ]
    }
  ],
  "check_results": null
}
